
Microsoft Visual Studio Solution File, Format Version 12.00
# Visual Studio Version 17
VisualStudioVersion = 17.10.34928.147
MinimumVisualStudioVersion = 10.0.40219.1
Project("{FAE04EC0-301F-11D3-BF4B-00C04F79EFBC}") = "SOLID", "SOLID\SOLID.csproj", "{3423A289-C292-499F-A05A-5CA83091BBD9}"
EndProject
Global
	GlobalSection(SolutionConfigurationPlatforms) = preSolution
		Debug|Any CPU = Debug|Any CPU
		Release|Any CPU = Release|Any CPU
	EndGlobalSection
	GlobalSection(ProjectConfigurationPlatforms) = postSolution
		{3423A289-C292-499F-A05A-5CA83091BBD9}.Debug|Any CPU.ActiveCfg = Debug|Any CPU
		{3423A289-C292-499F-A05A-5CA83091BBD9}.Debug|Any CPU.Build.0 = Debug|Any CPU
		{3423A289-C292-499F-A05A-5CA83091BBD9}.Release|Any CPU.ActiveCfg = Release|Any CPU
		{3423A289-C292-499F-A05A-5CA83091BBD9}.Release|Any CPU.Build.0 = Release|Any CPU
	EndGlobalSection
	GlobalSection(SolutionProperties) = preSolution
		HideSolutionNode = FALSE
	EndGlobalSection
	GlobalSection(ExtensibilityGlobals) = postSolution
		SolutionGuid = {09AD6A9F-3A9E-44CB-9C33-93A1535ECEC4}
	EndGlobalSection
EndGlobal
